
Microsoft Visual Studio Solution File, Format Version 12.00
# Visual Studio 15
VisualStudioVersion = 15.0.27703.2042
MinimumVisualStudioVersion = 10.0.40219.1
Project("{888888A0-9F3D-457C-B088-3A5042F75D52}") = "pailab", "pailab.pyproj", "{1F2BDC35-9D9F-4DAB-AE05-74776CA91826}"
EndProject
Global
	GlobalSection(SolutionConfigurationPlatforms) = preSolution
		Debug|Any CPU = Debug|Any CPU
		Release|Any CPU = Release|Any CPU
	EndGlobalSection
	GlobalSection(ProjectConfigurationPlatforms) = postSolution
		{1F2BDC35-9D9F-4DAB-AE05-74776CA91826}.Debug|Any CPU.ActiveCfg = Debug|Any CPU
		{1F2BDC35-9D9F-4DAB-AE05-74776CA91826}.Release|Any CPU.ActiveCfg = Release|Any CPU
	EndGlobalSection
	GlobalSection(SolutionProperties) = preSolution
		HideSolutionNode = FALSE
	EndGlobalSection
	GlobalSection(ExtensibilityGlobals) = postSolution
		SolutionGuid = {6A72F5E5-CD5E-4BEA-8555-B2DD2B617710}
	EndGlobalSection
EndGlobal
